{
  "dependencies": {
    "bitcore": {
      "version": "https://github.com/bitpay/bitcore/tarball/5ae97a7146db96f675daedfdcef2fd4842037478/",
      "dependencies": {
        "asn1.js": {
          "version": "0.4.1",
          "dependencies": {
            "bn.js": {
              "version": "0.13.3"
            }
          }
        },
        "bn.js": {
          "version": "0.16.0"
        },
        "browser-request": {
          "version": "0.3.3"
        },
        "bs58": {
          "version": "2.0.0"
        },
        "bufferput": {
          "version": "0.1.2"
        },
        "buffers": {
          "version": "0.1.1"
        },
        "elliptic": {
          "version": "0.16.0",
          "dependencies": {
            "brorand": {
              "version": "1.0.1"
            }
          }
        },
        "hash.js": {
          "version": "0.3.2"
        },
        "inherits": {
          "version": "2.0.1"
        },
        "jsrsasign": {
          "version": "0.0.3"
        },
        "lodash": {
          "version": "2.4.1"
        },
        "protobufjs": {
          "version": "3.0.0",
          "dependencies": {
            "bytebuffer": {
              "version": "3.1.1",
              "dependencies": {
                "long": {
                  "version": "1.2.3"
                },
                "bufferview": {
                  "version": "1.0.1"
                }
              }
            },
            "ascli": {
              "version": "1.0.0",
              "dependencies": {
                "colour": {
                  "version": "0.7.1"
                },
                "optjs": {
                  "version": "3.2.1-boom"
                }
              }
            }
          }
        },
        "request": {
          "version": "2.51.0",
          "dependencies": {
            "bl": {
              "version": "0.9.3",
              "dependencies": {
                "readable-stream": {
                  "version": "1.0.33",
                  "dependencies": {
                    "core-util-is": {
                      "version": "1.0.1"
                    },
                    "isarray": {
                      "version": "0.0.1"
                    },
                    "string_decoder": {
                      "version": "0.10.31"
                    }
                  }
                }
              }
            },
            "caseless": {
              "version": "0.8.0"
            },
            "forever-agent": {
              "version": "0.5.2"
            },
            "form-data": {
              "version": "0.2.0",
              "dependencies": {
                "async": {
                  "version": "0.9.0"
                },
                "mime-types": {
                  "version": "2.0.7",
                  "dependencies": {
                    "mime-db": {
                      "version": "1.5.0"
                    }
                  }
                }
              }
            },
            "json-stringify-safe": {
              "version": "5.0.0"
            },
            "mime-types": {
              "version": "1.0.2"
            },
            "node-uuid": {
              "version": "1.4.2"
            },
            "qs": {
              "version": "2.3.3"
            },
            "tunnel-agent": {
              "version": "0.4.0"
            },
            "tough-cookie": {
              "version": "0.12.1",
              "dependencies": {
                "punycode": {
                  "version": "1.3.2"
                }
              }
            },
            "http-signature": {
              "version": "0.10.0",
              "dependencies": {
                "assert-plus": {
                  "version": "0.1.2"
                },
                "asn1": {
                  "version": "0.1.11"
                },
                "ctype": {
                  "version": "0.5.2"
                }
              }
            },
            "oauth-sign": {
              "version": "0.5.0"
            },
            "hawk": {
              "version": "1.1.1",
              "dependencies": {
                "hoek": {
                  "version": "0.9.1"
                },
                "boom": {
                  "version": "0.4.2"
                },
                "cryptiles": {
                  "version": "0.2.2"
                },
                "sntp": {
                  "version": "0.2.4"
                }
              }
            },
            "aws-sign2": {
              "version": "0.5.0"
            },
            "stringstream": {
              "version": "0.0.4"
            },
            "combined-stream": {
              "version": "0.0.7",
              "dependencies": {
                "delayed-stream": {
                  "version": "0.0.5"
                }
              }
            }
          }
        },
        "sha512": {
          "version": "0.0.1"
        },
        "socks5-client": {
          "version": "0.3.6",
          "dependencies": {
            "ipv6": {
              "version": "3.1.1",
              "dependencies": {
                "sprintf": {
                  "version": "0.1.5"
                },
                "cli": {
                  "version": "0.4.5",
                  "dependencies": {
                    "glob": {
                      "version": "4.3.2",
                      "dependencies": {
                        "inflight": {
                          "version": "1.0.4",
                          "dependencies": {
                            "wrappy": {
                              "version": "1.0.1"
                            }
                          }
                        },
                        "minimatch": {
                          "version": "2.0.1",
                          "dependencies": {
                            "brace-expansion": {
                              "version": "1.1.0",
                              "dependencies": {
                                "balanced-match": {
                                  "version": "0.2.0"
                                },
                                "concat-map": {
                                  "version": "0.0.1"
                                }
                              }
                            }
                          }
                        },
                        "once": {
                          "version": "1.3.1",
                          "dependencies": {
                            "wrappy": {
                              "version": "1.0.1"
                            }
                          }
                        }
                      }
                    }
                  }
                },
                "cliff": {
                  "version": "0.1.10",
                  "dependencies": {
                    "colors": {
                      "version": "1.0.3"
                    },
                    "eyes": {
                      "version": "0.1.8"
                    },
                    "winston": {
                      "version": "0.8.3",
                      "dependencies": {
                        "async": {
                          "version": "0.2.10"
                        },
                        "colors": {
                          "version": "0.6.2"
                        },
                        "cycle": {
                          "version": "1.0.3"
                        },
                        "isstream": {
                          "version": "0.1.1"
                        },
                        "pkginfo": {
                          "version": "0.3.0"
                        },
                        "stack-trace": {
                          "version": "0.0.9"
                        }
                      }
                    }
                  }
                }
              }
            },
            "network-byte-order": {
              "version": "0.2.0"
            }
          }
        },
        "aes": {
          "version": "0.1.0"
        }
      }
    },
    "bitstamp": {
      "version": "0.1.9",
      "dependencies": {
        "underscore": {
          "version": "1.4.4"
        }
      }
    },
    "chain-node": {
      "version": "3.0.0",
      "dependencies": {
        "request": {
          "version": "2.36.0",
          "dependencies": {
            "qs": {
              "version": "0.6.6"
            },
            "json-stringify-safe": {
              "version": "5.0.0"
            },
            "mime": {
              "version": "1.2.11"
            },
            "forever-agent": {
              "version": "0.5.2"
            },
            "node-uuid": {
              "version": "1.4.2"
            },
            "tough-cookie": {
              "version": "0.12.1",
              "dependencies": {
                "punycode": {
                  "version": "1.3.2"
                }
              }
            },
            "form-data": {
              "version": "0.1.4",
              "dependencies": {
                "combined-stream": {
                  "version": "0.0.7",
                  "dependencies": {
                    "delayed-stream": {
                      "version": "0.0.5"
                    }
                  }
                },
                "async": {
                  "version": "0.9.0"
                }
              }
            },
            "tunnel-agent": {
              "version": "0.4.0"
            },
            "http-signature": {
              "version": "0.10.0",
              "dependencies": {
                "assert-plus": {
                  "version": "0.1.2"
                },
                "asn1": {
                  "version": "0.1.11"
                },
                "ctype": {
                  "version": "0.5.2"
                }
              }
            },
            "oauth-sign": {
              "version": "0.3.0"
            },
            "hawk": {
              "version": "1.0.0",
              "dependencies": {
                "hoek": {
                  "version": "0.9.1"
                },
                "boom": {
                  "version": "0.4.2"
                },
                "cryptiles": {
                  "version": "0.2.2"
                },
                "sntp": {
                  "version": "0.2.4"
                }
              }
            },
            "aws-sign2": {
              "version": "0.5.0"
            }
          }
        },
        "bitcoinjs-lib": {
          "version": "1.2.0",
          "dependencies": {
            "bs58check": {
              "version": "1.0.3",
              "dependencies": {
                "bs58": {
                  "version": "2.0.1"
                }
              }
            },
            "crypto-browserify": {
              "version": "3.7.2",
              "dependencies": {
                "browserify-aes": {
                  "version": "0.6.1",
                  "dependencies": {
                    "inherits": {
                      "version": "2.0.1"
                    }
                  }
                },
                "create-ecdh": {
                  "version": "1.0.0",
                  "dependencies": {
                    "bn.js": {
                      "version": "0.15.2"
                    },
                    "elliptic": {
                      "version": "0.15.15",
                      "dependencies": {
                        "brorand": {
                          "version": "1.0.5"
                        },
                        "hash.js": {
                          "version": "0.2.1"
                        },
                        "inherits": {
                          "version": "2.0.1"
                        }
                      }
                    }
                  }
                },
                "diffie-hellman": {
                  "version": "2.2.0",
                  "dependencies": {
                    "bn.js": {
                      "version": "0.15.2"
                    },
                    "miller-rabin": {
                      "version": "1.1.1",
                      "dependencies": {
                        "brorand": {
                          "version": "1.0.5"
                        }
                      }
                    }
                  }
                },
                "browserify-sign": {
                  "version": "2.7.0",
                  "dependencies": {
                    "bn.js": {
                      "version": "0.15.2"
                    },
                    "browserify-rsa": {
                      "version": "1.1.0",
                      "dependencies": {
                        "bn.js": {
                          "version": "0.16.0"
                        }
                      }
                    },
                    "elliptic": {
                      "version": "0.15.15",
                      "dependencies": {
                        "brorand": {
                          "version": "1.0.5"
                        },
                        "hash.js": {
                          "version": "0.2.1"
                        }
                      }
                    },
                    "inherits": {
                      "version": "2.0.1"
                    },
                    "parse-asn1": {
                      "version": "1.2.0",
                      "dependencies": {
                        "asn1.js": {
                          "version": "0.6.5"
                        },
                        "asn1.js-rfc3280": {
                          "version": "0.5.1"
                        },
                        "pemstrip": {
                          "version": "0.0.1"
                        }
                      }
                    }
                  }
                },
                "pbkdf2-compat": {
                  "version": "2.0.1"
                },
                "public-encrypt": {
                  "version": "1.1.0",
                  "dependencies": {
                    "bn.js": {
                      "version": "0.16.0"
                    },
                    "browserify-rsa": {
                      "version": "1.1.0"
                    },
                    "parse-asn1": {
                      "version": "1.2.0",
                      "dependencies": {
                        "asn1.js": {
                          "version": "0.6.5",
                          "dependencies": {
                            "bn.js": {
                              "version": "0.15.2"
                            }
                          }
                        },
                        "asn1.js-rfc3280": {
                          "version": "0.5.1"
                        },
                        "pemstrip": {
                          "version": "0.0.1"
                        }
                      }
                    }
                  }
                },
                "ripemd160": {
                  "version": "0.2.0"
                },
                "sha.js": {
                  "version": "2.3.0"
                }
              }
            },
            "ecurve": {
              "version": "1.0.0"
            }
          }
        },
        "bigi": {
          "version": "1.4.0"
        }
      }
    },
    "kraken-api": {
      "version": "0.1.5",
      "dependencies": {
        "querystring": {
          "version": "0.2.0"
        },
        "request": {
          "version": "2.51.0",
          "dependencies": {
            "bl": {
              "version": "0.9.3",
              "dependencies": {
                "readable-stream": {
                  "version": "1.0.33",
                  "dependencies": {
                    "core-util-is": {
                      "version": "1.0.1"
                    },
                    "isarray": {
                      "version": "0.0.1"
                    },
                    "string_decoder": {
                      "version": "0.10.31"
                    },
                    "inherits": {
                      "version": "2.0.1"
                    }
                  }
                }
              }
            },
            "caseless": {
              "version": "0.8.0"
            },
            "forever-agent": {
              "version": "0.5.2"
            },
            "form-data": {
              "version": "0.2.0",
              "dependencies": {
                "async": {
                  "version": "0.9.0"
                },
                "mime-types": {
                  "version": "2.0.4",
                  "dependencies": {
                    "mime-db": {
                      "version": "1.3.1"
                    }
                  }
                }
              }
            },
            "json-stringify-safe": {
              "version": "5.0.0"
            },
            "mime-types": {
              "version": "1.0.2"
            },
            "node-uuid": {
              "version": "1.4.2"
            },
            "qs": {
              "version": "2.3.3"
            },
            "tunnel-agent": {
              "version": "0.4.0"
            },
            "tough-cookie": {
              "version": "0.12.1",
              "dependencies": {
                "punycode": {
                  "version": "1.3.2"
                }
              }
            },
            "http-signature": {
              "version": "0.10.0",
              "dependencies": {
                "assert-plus": {
                  "version": "0.1.2"
                },
                "asn1": {
                  "version": "0.1.11"
                },
                "ctype": {
                  "version": "0.5.2"
                }
              }
            },
            "oauth-sign": {
              "version": "0.5.0"
            },
            "hawk": {
              "version": "1.1.1",
              "dependencies": {
                "hoek": {
                  "version": "0.9.1"
                },
                "boom": {
                  "version": "0.4.2"
                },
                "cryptiles": {
                  "version": "0.2.2"
                },
                "sntp": {
                  "version": "0.2.4"
                }
              }
            },
            "aws-sign2": {
              "version": "0.5.0"
            },
            "stringstream": {
              "version": "0.0.4"
            },
            "combined-stream": {
              "version": "0.0.7",
              "dependencies": {
                "delayed-stream": {
                  "version": "0.0.5"
                }
              }
            }
          }
        }
      }
    }
  }
}
