{
  "meteor": {},
  "dependencies": {
    "basePackages": {
      "iron-router": {
        "version": "0.7.0"
      },
      "accounts-entry": {
        "git": "https://github.com/Differential/accounts-entry.git",
        "branch": "master"
      },
      "handlebars-server": {
        "git": "https://github.com/EventedMind/meteor-handlebars-server.git",
        "branch": "master"
      },
      "autoform": {},
      "just-i18n": {},
      "collection-behaviours": {},
      "bootstrap3-less": {},
      "node-csv-npm": {}
    },
    "packages": {
      "iron-router": {
        "git": "https://github.com/EventedMind/iron-router.git",
        "tag": "v0.7.0",
        "commit": "05f34bc48c4cad9fdaa366c1ddcabe6980232ece"
      },
      "accounts-entry": {
        "git": "https://github.com/Differential/accounts-entry.git",
        "branch": "master",
        "commit": "653c92e0b31c1f8cfe5378749807826c31cc7b06"
      },
      "handlebars-server": {
        "git": "https://github.com/EventedMind/meteor-handlebars-server.git",
        "branch": "master",
        "commit": "ce65fa1f63b94383e4e6168cdcec1b9e1d527668"
      },
      "autoform": {
        "git": "https://github.com/aldeed/meteor-autoform.git",
        "tag": "v0.16.1",
        "commit": "34a447fd3a1b3164c78f865aabbac3ddc2d033fb"
      },
      "just-i18n": {
        "git": "https://github.com/subhog/meteor-just-i18n.git",
        "tag": "v0.3.0",
        "commit": "a60e7f4350fb9648d6f6b4a01acbbc114c4f4343"
      },
      "collection-behaviours": {
        "git": "https://github.com/Sewdn/meteor-collection-behaviours.git",
        "tag": "v0.1.4",
        "commit": "9140c72983a19fabe099abd2c400b95d6a0997ba"
      },
      "bootstrap3-less": {
        "git": "https://github.com/simison/bootstrap3-less",
        "tag": "v0.2.1",
        "commit": "dc94a51ed00d7de6d6f2b6d65107a876d849ad61"
      },
      "node-csv-npm": {
        "git": "https://github.com/Dsyko/meteor-node-csv.git",
        "tag": "v0.3.6",
        "commit": "01be0e3e834a4f033121cb3fcc92c2697741170d"
      },
      "blaze-layout": {
        "git": "https://github.com/EventedMind/blaze-layout.git",
        "tag": "v0.2.2",
        "commit": "8bc53798fe5965669ae67c72f91829fcfdceabfd"
      },
      "accounts-t9n": {
        "git": "https://github.com/softwarerero/meteor-accounts-t9n.git",
        "tag": "v0.0.5",
        "commit": "ad9539a8818049d5d9fa050d8b2a1f62706483b1"
      },
      "simple-form": {
        "git": "https://github.com/Differential/simple-form.git",
        "tag": "v0.1.8",
        "commit": "1ea0d3621b333e6f24f37e0e93efd3c081068716"
      },
      "simple-schema": {
        "git": "https://github.com/aldeed/meteor-simple-schema.git",
        "tag": "v0.6.0",
        "commit": "418ec496612fb2afc853e342f0d2269b6674a2fe"
      },
      "collection2": {
        "git": "https://github.com/aldeed/meteor-collection2.git",
        "tag": "v0.4.3",
        "commit": "cb470de2cfeebeccbf76d4cc0a39ad4afc76d553"
      },
      "moment": {
        "git": "https://github.com/acreeger/meteor-moment.git",
        "tag": "v2.6.0",
        "commit": "26156df681750fd6e6ed77043eef32b6653ebbdf"
      },
      "collection-hooks": {
        "git": "https://github.com/matb33/meteor-collection-hooks.git",
        "tag": "v0.7.2",
        "commit": "261f61f07b371ae913463fba8964a9b93cab531b"
      },
      "underscore-string-latest": {
        "git": "https://github.com/TimHeckel/meteor-underscore-string.git",
        "tag": "v2.3.3",
        "commit": "4a5d70eee48fbd90a6e6fc78747250d704a0b3bb"
      }
    }
  }
}
