{
  "dependencies": {
    "bitcore": {
      "version": "https://registry.coyno.com/bitcore/-/bitcore-0.8.6.tgz",
      "dependencies": {
        "asn1.js": {
          "version": "0.4.1",
          "dependencies": {
            "bn.js": {
              "version": "https://hushhush.levinkeller.de:4873/bn.js/-/bn.js-0.13.3.tgz"
            }
          }
        },
        "bn.js": {
          "version": "0.16.1"
        },
        "browser-request": {
          "version": "0.3.3"
        },
        "bs58": {
          "version": "2.0.0"
        },
        "bufferput": {
          "version": "0.1.2"
        },
        "buffers": {
          "version": "0.1.1"
        },
        "elliptic": {
          "version": "0.16.0",
          "dependencies": {
            "brorand": {
              "version": "1.0.1"
            }
          }
        },
        "hash.js": {
          "version": "0.3.2"
        },
        "inherits": {
          "version": "2.0.1"
        },
        "jsrsasign": {
          "version": "0.0.3"
        },
        "lodash": {
          "version": "2.4.1"
        },
        "protobufjs": {
          "version": "3.0.0",
          "dependencies": {
            "bytebuffer": {
              "version": "https://hushhush.levinkeller.de:4873/bytebuffer/-/bytebuffer-3.1.1.tgz",
              "dependencies": {
                "long": {
                  "version": "https://hushhush.levinkeller.de:4873/long/-/long-1.2.3.tgz"
                },
                "bufferview": {
                  "version": "https://hushhush.levinkeller.de:4873/bufferview/-/bufferview-1.0.1.tgz"
                }
              }
            },
            "ascli": {
              "version": "https://hushhush.levinkeller.de:4873/ascli/-/ascli-1.0.0.tgz",
              "dependencies": {
                "colour": {
                  "version": "https://hushhush.levinkeller.de:4873/colour/-/colour-0.7.1.tgz"
                },
                "optjs": {
                  "version": "https://hushhush.levinkeller.de:4873/optjs/-/optjs-3.2.1-boom.tgz"
                }
              }
            }
          }
        },
        "request": {
          "version": "2.51.0",
          "dependencies": {
            "bl": {
              "version": "https://hushhush.levinkeller.de:4873/bl/-/bl-0.9.4.tgz",
              "dependencies": {
                "readable-stream": {
                  "version": "https://hushhush.levinkeller.de:4873/readable-stream/-/readable-stream-1.0.33.tgz",
                  "dependencies": {
                    "core-util-is": {
                      "version": "https://hushhush.levinkeller.de:4873/core-util-is/-/core-util-is-1.0.1.tgz"
                    },
                    "isarray": {
                      "version": "https://registry.coyno.com/isarray/-/isarray-0.0.1.tgz"
                    },
                    "string_decoder": {
                      "version": "https://hushhush.levinkeller.de:4873/string_decoder/-/string_decoder-0.10.31.tgz"
                    }
                  }
                }
              }
            },
            "caseless": {
              "version": "https://hushhush.levinkeller.de:4873/caseless/-/caseless-0.8.0.tgz"
            },
            "forever-agent": {
              "version": "https://hushhush.levinkeller.de:4873/forever-agent/-/forever-agent-0.5.2.tgz"
            },
            "form-data": {
              "version": "https://hushhush.levinkeller.de:4873/form-data/-/form-data-0.2.0.tgz",
              "dependencies": {
                "async": {
                  "version": "https://hushhush.levinkeller.de:4873/async/-/async-0.9.0.tgz"
                },
                "mime-types": {
                  "version": "2.0.7",
                  "dependencies": {
                    "mime-db": {
                      "version": "https://hushhush.levinkeller.de:4873/mime-db/-/mime-db-1.5.0.tgz"
                    }
                  }
                }
              }
            },
            "json-stringify-safe": {
              "version": "https://hushhush.levinkeller.de:4873/json-stringify-safe/-/json-stringify-safe-5.0.0.tgz"
            },
            "mime-types": {
              "version": "https://hushhush.levinkeller.de:4873/mime-types/-/mime-types-1.0.2.tgz"
            },
            "node-uuid": {
              "version": "https://hushhush.levinkeller.de:4873/node-uuid/-/node-uuid-1.4.2.tgz"
            },
            "qs": {
              "version": "https://hushhush.levinkeller.de:4873/qs/-/qs-2.3.3.tgz"
            },
            "tunnel-agent": {
              "version": "https://hushhush.levinkeller.de:4873/tunnel-agent/-/tunnel-agent-0.4.0.tgz"
            },
            "tough-cookie": {
              "version": "https://hushhush.levinkeller.de:4873/tough-cookie/-/tough-cookie-0.12.1.tgz",
              "dependencies": {
                "punycode": {
                  "version": "https://hushhush.levinkeller.de:4873/punycode/-/punycode-1.3.2.tgz"
                }
              }
            },
            "http-signature": {
              "version": "0.10.1",
              "dependencies": {
                "assert-plus": {
                  "version": "0.1.5"
                },
                "asn1": {
                  "version": "https://registry.coyno.com/asn1/-/asn1-0.1.11.tgz"
                },
                "ctype": {
                  "version": "https://registry.coyno.com/ctype/-/ctype-0.5.3.tgz"
                }
              }
            },
            "oauth-sign": {
              "version": "https://hushhush.levinkeller.de:4873/oauth-sign/-/oauth-sign-0.5.0.tgz"
            },
            "hawk": {
              "version": "https://hushhush.levinkeller.de:4873/hawk/-/hawk-1.1.1.tgz",
              "dependencies": {
                "hoek": {
                  "version": "https://hushhush.levinkeller.de:4873/hoek/-/hoek-0.9.1.tgz"
                },
                "boom": {
                  "version": "https://hushhush.levinkeller.de:4873/boom/-/boom-0.4.2.tgz"
                },
                "cryptiles": {
                  "version": "https://hushhush.levinkeller.de:4873/cryptiles/-/cryptiles-0.2.2.tgz"
                },
                "sntp": {
                  "version": "https://hushhush.levinkeller.de:4873/sntp/-/sntp-0.2.4.tgz"
                }
              }
            },
            "aws-sign2": {
              "version": "https://hushhush.levinkeller.de:4873/aws-sign2/-/aws-sign2-0.5.0.tgz"
            },
            "stringstream": {
              "version": "https://hushhush.levinkeller.de:4873/stringstream/-/stringstream-0.0.4.tgz"
            },
            "combined-stream": {
              "version": "https://hushhush.levinkeller.de:4873/combined-stream/-/combined-stream-0.0.7.tgz",
              "dependencies": {
                "delayed-stream": {
                  "version": "https://registry.coyno.com/delayed-stream/-/delayed-stream-0.0.5.tgz"
                }
              }
            }
          }
        },
        "sha512": {
          "version": "0.0.1"
        },
        "socks5-client": {
          "version": "0.3.6",
          "dependencies": {
            "ipv6": {
              "version": "https://hushhush.levinkeller.de:4873/ipv6/-/ipv6-3.1.1.tgz",
              "dependencies": {
                "sprintf": {
                  "version": "https://hushhush.levinkeller.de:4873/sprintf/-/sprintf-0.1.5.tgz"
                },
                "cli": {
                  "version": "https://hushhush.levinkeller.de:4873/cli/-/cli-0.4.5.tgz",
                  "dependencies": {
                    "glob": {
                      "version": "https://hushhush.levinkeller.de:4873/glob/-/glob-4.3.5.tgz",
                      "dependencies": {
                        "inflight": {
                          "version": "https://hushhush.levinkeller.de:4873/inflight/-/inflight-1.0.4.tgz",
                          "dependencies": {
                            "wrappy": {
                              "version": "https://hushhush.levinkeller.de:4873/wrappy/-/wrappy-1.0.1.tgz"
                            }
                          }
                        },
                        "minimatch": {
                          "version": "https://hushhush.levinkeller.de:4873/minimatch/-/minimatch-2.0.1.tgz",
                          "dependencies": {
                            "brace-expansion": {
                              "version": "https://hushhush.levinkeller.de:4873/brace-expansion/-/brace-expansion-1.1.0.tgz",
                              "dependencies": {
                                "balanced-match": {
                                  "version": "https://hushhush.levinkeller.de:4873/balanced-match/-/balanced-match-0.2.0.tgz"
                                },
                                "concat-map": {
                                  "version": "https://registry.coyno.com/concat-map/-/concat-map-0.0.1.tgz"
                                }
                              }
                            }
                          }
                        },
                        "once": {
                          "version": "https://hushhush.levinkeller.de:4873/once/-/once-1.3.1.tgz",
                          "dependencies": {
                            "wrappy": {
                              "version": "https://hushhush.levinkeller.de:4873/wrappy/-/wrappy-1.0.1.tgz"
                            }
                          }
                        }
                      }
                    }
                  }
                },
                "cliff": {
                  "version": "https://hushhush.levinkeller.de:4873/cliff/-/cliff-0.1.10.tgz",
                  "dependencies": {
                    "colors": {
                      "version": "https://hushhush.levinkeller.de:4873/colors/-/colors-1.0.3.tgz"
                    },
                    "eyes": {
                      "version": "https://hushhush.levinkeller.de:4873/eyes/-/eyes-0.1.8.tgz"
                    },
                    "winston": {
                      "version": "https://hushhush.levinkeller.de:4873/winston/-/winston-0.8.3.tgz",
                      "dependencies": {
                        "async": {
                          "version": "https://hushhush.levinkeller.de:4873/async/-/async-0.2.10.tgz"
                        },
                        "colors": {
                          "version": "https://hushhush.levinkeller.de:4873/colors/-/colors-0.6.2.tgz"
                        },
                        "cycle": {
                          "version": "https://hushhush.levinkeller.de:4873/cycle/-/cycle-1.0.3.tgz"
                        },
                        "isstream": {
                          "version": "https://hushhush.levinkeller.de:4873/isstream/-/isstream-0.1.1.tgz"
                        },
                        "pkginfo": {
                          "version": "https://hushhush.levinkeller.de:4873/pkginfo/-/pkginfo-0.3.0.tgz"
                        },
                        "stack-trace": {
                          "version": "https://hushhush.levinkeller.de:4873/stack-trace/-/stack-trace-0.0.9.tgz"
                        }
                      }
                    }
                  }
                }
              }
            },
            "network-byte-order": {
              "version": "https://hushhush.levinkeller.de:4873/network-byte-order/-/network-byte-order-0.2.0.tgz"
            }
          }
        },
        "aes": {
          "version": "0.1.0"
        }
      }
    },
    "bitcore-electrum": {
      "version": "https://registry.coyno.com/bitcore-electrum/-/bitcore-electrum-0.0.3.tgz",
      "dependencies": {
        "bitcore": {
          "version": "https://hushhush.levinkeller.de:4873/bitcore/-/bitcore-0.1.41.tgz",
          "dependencies": {
            "asn1.js": {
              "version": "0.4.1",
              "dependencies": {
                "bn.js": {
                  "version": "https://hushhush.levinkeller.de:4873/bn.js/-/bn.js-0.13.3.tgz"
                }
              }
            },
            "async": {
              "version": "https://hushhush.levinkeller.de:4873/async/-/async-0.2.10.tgz"
            },
            "bignum": {
              "version": "https://registry.coyno.com/bignum/-/bignum-0.6.2.tgz"
            },
            "bindings": {
              "version": "https://registry.coyno.com/bindings/-/bindings-1.1.1.tgz"
            },
            "binary": {
              "version": "https://hushhush.levinkeller.de:4873/binary/-/binary-0.3.0.tgz",
              "dependencies": {
                "chainsaw": {
                  "version": "https://hushhush.levinkeller.de:4873/chainsaw/-/chainsaw-0.1.0.tgz",
                  "dependencies": {
                    "traverse": {
                      "version": "https://hushhush.levinkeller.de:4873/traverse/-/traverse-0.3.9.tgz"
                    }
                  }
                }
              }
            },
            "bn.js": {
              "version": "https://hushhush.levinkeller.de:4873/bn.js/-/bn.js-0.15.0.tgz"
            },
            "brfs": {
              "version": "https://registry.coyno.com/brfs/-/brfs-1.0.0.tgz",
              "dependencies": {
                "through": {
                  "version": "https://hushhush.levinkeller.de:4873/through/-/through-2.2.7.tgz"
                },
                "falafel": {
                  "version": "https://hushhush.levinkeller.de:4873/falafel/-/falafel-0.1.6.tgz",
                  "dependencies": {
                    "esprima": {
                      "version": "https://hushhush.levinkeller.de:4873/esprima/-/esprima-1.0.4.tgz"
                    }
                  }
                },
                "escodegen": {
                  "version": "https://registry.coyno.com/escodegen/-/escodegen-0.0.17.tgz",
                  "dependencies": {
                    "esprima": {
                      "version": "https://hushhush.levinkeller.de:4873/esprima/-/esprima-1.0.4.tgz"
                    },
                    "estraverse": {
                      "version": "https://hushhush.levinkeller.de:4873/estraverse/-/estraverse-0.0.4.tgz"
                    },
                    "source-map": {
                      "version": "https://hushhush.levinkeller.de:4873/source-map/-/source-map-0.1.43.tgz",
                      "dependencies": {
                        "amdefine": {
                          "version": "https://hushhush.levinkeller.de:4873/amdefine/-/amdefine-0.1.0.tgz"
                        }
                      }
                    }
                  }
                }
              }
            },
            "bufferput": {
              "version": "git://github.com/bitpay/node-bufferput.git#d01b46ae0874e32b2beb4448b193f0a70c7e7b34"
            },
            "buffers": {
              "version": "0.1.1"
            },
            "buffertools": {
              "version": "https://registry.coyno.com/buffertools/-/buffertools-2.1.2.tgz"
            },
            "browserify-buffertools": {
              "version": "git://github.com/maraoz/browserify-buffertools.git#fe676bceffad2797d096f1aaf929cf1645121799"
            },
            "elliptic": {
              "version": "https://hushhush.levinkeller.de:4873/elliptic/-/elliptic-0.15.12.tgz",
              "dependencies": {
                "hash.js": {
                  "version": "0.2.1"
                },
                "inherits": {
                  "version": "2.0.1"
                }
              }
            },
            "hash.js": {
              "version": "0.3.2",
              "dependencies": {
                "inherits": {
                  "version": "2.0.1"
                }
              }
            },
            "jsrsasign": {
              "version": "0.0.3"
            },
            "preconditions": {
              "version": "https://hushhush.levinkeller.de:4873/preconditions/-/preconditions-1.0.8.tgz",
              "dependencies": {
                "lodash": {
                  "version": "2.4.1"
                }
              }
            },
            "protobufjs": {
              "version": "3.0.0",
              "dependencies": {
                "bytebuffer": {
                  "version": "https://hushhush.levinkeller.de:4873/bytebuffer/-/bytebuffer-3.1.1.tgz",
                  "dependencies": {
                    "long": {
                      "version": "https://hushhush.levinkeller.de:4873/long/-/long-1.2.3.tgz"
                    },
                    "bufferview": {
                      "version": "https://hushhush.levinkeller.de:4873/bufferview/-/bufferview-1.0.1.tgz"
                    }
                  }
                },
                "ascli": {
                  "version": "https://hushhush.levinkeller.de:4873/ascli/-/ascli-1.0.0.tgz",
                  "dependencies": {
                    "colour": {
                      "version": "https://hushhush.levinkeller.de:4873/colour/-/colour-0.7.1.tgz"
                    },
                    "optjs": {
                      "version": "https://hushhush.levinkeller.de:4873/optjs/-/optjs-3.2.1-boom.tgz"
                    }
                  }
                }
              }
            },
            "sjcl": {
              "version": "https://registry.coyno.com/sjcl/-/sjcl-1.0.1.tgz"
            },
            "socks5-client": {
              "version": "0.3.6",
              "dependencies": {
                "ipv6": {
                  "version": "https://hushhush.levinkeller.de:4873/ipv6/-/ipv6-3.1.1.tgz",
                  "dependencies": {
                    "sprintf": {
                      "version": "https://hushhush.levinkeller.de:4873/sprintf/-/sprintf-0.1.5.tgz"
                    },
                    "cli": {
                      "version": "https://hushhush.levinkeller.de:4873/cli/-/cli-0.4.5.tgz",
                      "dependencies": {
                        "glob": {
                          "version": "https://hushhush.levinkeller.de:4873/glob/-/glob-4.3.5.tgz",
                          "dependencies": {
                            "inflight": {
                              "version": "https://hushhush.levinkeller.de:4873/inflight/-/inflight-1.0.4.tgz",
                              "dependencies": {
                                "wrappy": {
                                  "version": "https://hushhush.levinkeller.de:4873/wrappy/-/wrappy-1.0.1.tgz"
                                }
                              }
                            },
                            "inherits": {
                              "version": "2.0.1"
                            },
                            "minimatch": {
                              "version": "https://hushhush.levinkeller.de:4873/minimatch/-/minimatch-2.0.1.tgz",
                              "dependencies": {
                                "brace-expansion": {
                                  "version": "https://hushhush.levinkeller.de:4873/brace-expansion/-/brace-expansion-1.1.0.tgz",
                                  "dependencies": {
                                    "balanced-match": {
                                      "version": "https://hushhush.levinkeller.de:4873/balanced-match/-/balanced-match-0.2.0.tgz"
                                    },
                                    "concat-map": {
                                      "version": "https://registry.coyno.com/concat-map/-/concat-map-0.0.1.tgz"
                                    }
                                  }
                                }
                              }
                            },
                            "once": {
                              "version": "https://hushhush.levinkeller.de:4873/once/-/once-1.3.1.tgz",
                              "dependencies": {
                                "wrappy": {
                                  "version": "https://hushhush.levinkeller.de:4873/wrappy/-/wrappy-1.0.1.tgz"
                                }
                              }
                            }
                          }
                        }
                      }
                    },
                    "cliff": {
                      "version": "https://hushhush.levinkeller.de:4873/cliff/-/cliff-0.1.10.tgz",
                      "dependencies": {
                        "colors": {
                          "version": "https://hushhush.levinkeller.de:4873/colors/-/colors-1.0.3.tgz"
                        },
                        "eyes": {
                          "version": "https://hushhush.levinkeller.de:4873/eyes/-/eyes-0.1.8.tgz"
                        },
                        "winston": {
                          "version": "https://hushhush.levinkeller.de:4873/winston/-/winston-0.8.3.tgz",
                          "dependencies": {
                            "colors": {
                              "version": "https://hushhush.levinkeller.de:4873/colors/-/colors-0.6.2.tgz"
                            },
                            "cycle": {
                              "version": "https://hushhush.levinkeller.de:4873/cycle/-/cycle-1.0.3.tgz"
                            },
                            "isstream": {
                              "version": "https://hushhush.levinkeller.de:4873/isstream/-/isstream-0.1.1.tgz"
                            },
                            "pkginfo": {
                              "version": "https://hushhush.levinkeller.de:4873/pkginfo/-/pkginfo-0.3.0.tgz"
                            },
                            "stack-trace": {
                              "version": "https://hushhush.levinkeller.de:4873/stack-trace/-/stack-trace-0.0.9.tgz"
                            }
                          }
                        }
                      }
                    }
                  }
                },
                "network-byte-order": {
                  "version": "https://hushhush.levinkeller.de:4873/network-byte-order/-/network-byte-order-0.2.0.tgz"
                }
              }
            }
          }
        }
      }
    },
    "chain-node": {
      "version": "https://registry.coyno.com/chain-node/-/chain-node-3.0.1.tgz",
      "dependencies": {
        "request": {
          "version": "https://registry.coyno.com/request/-/request-2.36.0.tgz",
          "dependencies": {
            "qs": {
              "version": "https://hushhush.levinkeller.de:4873/qs/-/qs-0.6.6.tgz"
            },
            "json-stringify-safe": {
              "version": "https://hushhush.levinkeller.de:4873/json-stringify-safe/-/json-stringify-safe-5.0.0.tgz"
            },
            "mime": {
              "version": "https://hushhush.levinkeller.de:4873/mime/-/mime-1.2.11.tgz"
            },
            "forever-agent": {
              "version": "https://hushhush.levinkeller.de:4873/forever-agent/-/forever-agent-0.5.2.tgz"
            },
            "node-uuid": {
              "version": "https://hushhush.levinkeller.de:4873/node-uuid/-/node-uuid-1.4.2.tgz"
            },
            "tough-cookie": {
              "version": "https://hushhush.levinkeller.de:4873/tough-cookie/-/tough-cookie-0.12.1.tgz",
              "dependencies": {
                "punycode": {
                  "version": "https://hushhush.levinkeller.de:4873/punycode/-/punycode-1.3.2.tgz"
                }
              }
            },
            "form-data": {
              "version": "https://hushhush.levinkeller.de:4873/form-data/-/form-data-0.1.4.tgz",
              "dependencies": {
                "combined-stream": {
                  "version": "https://hushhush.levinkeller.de:4873/combined-stream/-/combined-stream-0.0.7.tgz",
                  "dependencies": {
                    "delayed-stream": {
                      "version": "https://registry.coyno.com/delayed-stream/-/delayed-stream-0.0.5.tgz"
                    }
                  }
                },
                "async": {
                  "version": "https://hushhush.levinkeller.de:4873/async/-/async-0.9.0.tgz"
                }
              }
            },
            "tunnel-agent": {
              "version": "https://hushhush.levinkeller.de:4873/tunnel-agent/-/tunnel-agent-0.4.0.tgz"
            },
            "http-signature": {
              "version": "0.10.1",
              "dependencies": {
                "assert-plus": {
                  "version": "0.1.5"
                },
                "asn1": {
                  "version": "https://registry.coyno.com/asn1/-/asn1-0.1.11.tgz"
                },
                "ctype": {
                  "version": "https://registry.coyno.com/ctype/-/ctype-0.5.3.tgz"
                }
              }
            },
            "oauth-sign": {
              "version": "https://hushhush.levinkeller.de:4873/oauth-sign/-/oauth-sign-0.3.0.tgz"
            },
            "hawk": {
              "version": "https://hushhush.levinkeller.de:4873/hawk/-/hawk-1.0.0.tgz",
              "dependencies": {
                "hoek": {
                  "version": "https://hushhush.levinkeller.de:4873/hoek/-/hoek-0.9.1.tgz"
                },
                "boom": {
                  "version": "https://hushhush.levinkeller.de:4873/boom/-/boom-0.4.2.tgz"
                },
                "cryptiles": {
                  "version": "https://hushhush.levinkeller.de:4873/cryptiles/-/cryptiles-0.2.2.tgz"
                },
                "sntp": {
                  "version": "https://hushhush.levinkeller.de:4873/sntp/-/sntp-0.2.4.tgz"
                }
              }
            },
            "aws-sign2": {
              "version": "https://hushhush.levinkeller.de:4873/aws-sign2/-/aws-sign2-0.5.0.tgz"
            }
          }
        },
        "bitcoinjs-lib": {
          "version": "https://registry.coyno.com/bitcoinjs-lib/-/bitcoinjs-lib-1.2.0.tgz",
          "dependencies": {
            "bs58check": {
              "version": "https://registry.coyno.com/bs58check/-/bs58check-1.0.3.tgz",
              "dependencies": {
                "bs58": {
                  "version": "https://hushhush.levinkeller.de:4873/bs58/-/bs58-2.0.1.tgz"
                }
              }
            },
            "crypto-browserify": {
              "version": "https://hushhush.levinkeller.de:4873/crypto-browserify/-/crypto-browserify-3.9.9.tgz",
              "dependencies": {
                "browserify-aes": {
                  "version": "https://hushhush.levinkeller.de:4873/browserify-aes/-/browserify-aes-1.0.0.tgz"
                },
                "browserify-sign": {
                  "version": "https://registry.coyno.com/browserify-sign/-/browserify-sign-2.8.0.tgz",
                  "dependencies": {
                    "bn.js": {
                      "version": "https://hushhush.levinkeller.de:4873/bn.js/-/bn.js-1.0.0.tgz"
                    },
                    "browserify-rsa": {
                      "version": "https://hushhush.levinkeller.de:4873/browserify-rsa/-/browserify-rsa-1.1.1.tgz"
                    },
                    "elliptic": {
                      "version": "https://hushhush.levinkeller.de:4873/elliptic/-/elliptic-1.0.1.tgz",
                      "dependencies": {
                        "brorand": {
                          "version": "https://hushhush.levinkeller.de:4873/brorand/-/brorand-1.0.5.tgz"
                        },
                        "hash.js": {
                          "version": "https://hushhush.levinkeller.de:4873/hash.js/-/hash.js-1.0.2.tgz"
                        }
                      }
                    },
                    "parse-asn1": {
                      "version": "https://hushhush.levinkeller.de:4873/parse-asn1/-/parse-asn1-2.0.0.tgz",
                      "dependencies": {
                        "asn1.js": {
                          "version": "https://hushhush.levinkeller.de:4873/asn1.js/-/asn1.js-1.0.2.tgz",
                          "dependencies": {
                            "minimalistic-assert": {
                              "version": "https://hushhush.levinkeller.de:4873/minimalistic-assert/-/minimalistic-assert-1.0.0.tgz"
                            }
                          }
                        },
                        "asn1.js-rfc3280": {
                          "version": "https://hushhush.levinkeller.de:4873/asn1.js-rfc3280/-/asn1.js-rfc3280-1.0.0.tgz"
                        },
                        "pemstrip": {
                          "version": "https://registry.coyno.com/pemstrip/-/pemstrip-0.0.1.tgz"
                        }
                      }
                    }
                  }
                },
                "create-ecdh": {
                  "version": "https://registry.coyno.com/create-ecdh/-/create-ecdh-1.0.3.tgz",
                  "dependencies": {
                    "bn.js": {
                      "version": "https://hushhush.levinkeller.de:4873/bn.js/-/bn.js-1.0.0.tgz"
                    },
                    "elliptic": {
                      "version": "https://hushhush.levinkeller.de:4873/elliptic/-/elliptic-1.0.1.tgz",
                      "dependencies": {
                        "brorand": {
                          "version": "https://hushhush.levinkeller.de:4873/brorand/-/brorand-1.0.5.tgz"
                        },
                        "hash.js": {
                          "version": "https://hushhush.levinkeller.de:4873/hash.js/-/hash.js-1.0.2.tgz"
                        }
                      }
                    }
                  }
                },
                "create-hash": {
                  "version": "https://hushhush.levinkeller.de:4873/create-hash/-/create-hash-1.1.0.tgz",
                  "dependencies": {
                    "ripemd160": {
                      "version": "https://hushhush.levinkeller.de:4873/ripemd160/-/ripemd160-1.0.0.tgz"
                    },
                    "sha.js": {
                      "version": "https://hushhush.levinkeller.de:4873/sha.js/-/sha.js-2.3.6.tgz"
                    }
                  }
                },
                "create-hmac": {
                  "version": "https://hushhush.levinkeller.de:4873/create-hmac/-/create-hmac-1.1.0.tgz"
                },
                "diffie-hellman": {
                  "version": "https://registry.coyno.com/diffie-hellman/-/diffie-hellman-2.2.3.tgz",
                  "dependencies": {
                    "bn.js": {
                      "version": "https://hushhush.levinkeller.de:4873/bn.js/-/bn.js-1.0.0.tgz"
                    },
                    "miller-rabin": {
                      "version": "https://hushhush.levinkeller.de:4873/miller-rabin/-/miller-rabin-1.1.5.tgz",
                      "dependencies": {
                        "brorand": {
                          "version": "https://hushhush.levinkeller.de:4873/brorand/-/brorand-1.0.5.tgz"
                        }
                      }
                    }
                  }
                },
                "inherits": {
                  "version": "2.0.1"
                },
                "pbkdf2-compat": {
                  "version": "https://registry.coyno.com/pbkdf2-compat/-/pbkdf2-compat-2.0.1.tgz"
                },
                "public-encrypt": {
                  "version": "https://registry.coyno.com/public-encrypt/-/public-encrypt-1.1.2.tgz",
                  "dependencies": {
                    "bn.js": {
                      "version": "https://hushhush.levinkeller.de:4873/bn.js/-/bn.js-1.0.0.tgz"
                    },
                    "browserify-rsa": {
                      "version": "https://hushhush.levinkeller.de:4873/browserify-rsa/-/browserify-rsa-1.1.1.tgz"
                    },
                    "parse-asn1": {
                      "version": "https://hushhush.levinkeller.de:4873/parse-asn1/-/parse-asn1-2.0.0.tgz",
                      "dependencies": {
                        "asn1.js": {
                          "version": "https://hushhush.levinkeller.de:4873/asn1.js/-/asn1.js-1.0.2.tgz",
                          "dependencies": {
                            "minimalistic-assert": {
                              "version": "https://hushhush.levinkeller.de:4873/minimalistic-assert/-/minimalistic-assert-1.0.0.tgz"
                            }
                          }
                        },
                        "asn1.js-rfc3280": {
                          "version": "https://hushhush.levinkeller.de:4873/asn1.js-rfc3280/-/asn1.js-rfc3280-1.0.0.tgz"
                        },
                        "pemstrip": {
                          "version": "https://registry.coyno.com/pemstrip/-/pemstrip-0.0.1.tgz"
                        }
                      }
                    }
                  }
                },
                "randombytes": {
                  "version": "https://hushhush.levinkeller.de:4873/randombytes/-/randombytes-2.0.1.tgz"
                }
              }
            },
            "ecurve": {
              "version": "https://registry.coyno.com/ecurve/-/ecurve-1.0.0.tgz"
            }
          }
        },
        "bigi": {
          "version": "https://hushhush.levinkeller.de:4873/bigi/-/bigi-1.4.0.tgz"
        }
      }
    },
    "coyno-converter": {
      "version": "https://registry.coyno.com/coyno-converter/-/coyno-converter-0.0.14.tgz",
      "dependencies": {
        "moment": {
          "version": "https://registry.coyno.com/moment/-/moment-2.7.0.tgz"
        },
        "request": {
          "version": "https://hushhush.levinkeller.de:4873/request/-/request-2.39.0.tgz",
          "dependencies": {
            "qs": {
              "version": "https://hushhush.levinkeller.de:4873/qs/-/qs-0.6.6.tgz"
            },
            "json-stringify-safe": {
              "version": "https://hushhush.levinkeller.de:4873/json-stringify-safe/-/json-stringify-safe-5.0.0.tgz"
            },
            "mime-types": {
              "version": "https://hushhush.levinkeller.de:4873/mime-types/-/mime-types-1.0.2.tgz"
            },
            "forever-agent": {
              "version": "https://hushhush.levinkeller.de:4873/forever-agent/-/forever-agent-0.5.2.tgz"
            },
            "tough-cookie": {
              "version": "https://hushhush.levinkeller.de:4873/tough-cookie/-/tough-cookie-0.12.1.tgz",
              "dependencies": {
                "punycode": {
                  "version": "https://hushhush.levinkeller.de:4873/punycode/-/punycode-1.3.2.tgz"
                }
              }
            },
            "form-data": {
              "version": "https://hushhush.levinkeller.de:4873/form-data/-/form-data-0.1.4.tgz",
              "dependencies": {
                "combined-stream": {
                  "version": "https://hushhush.levinkeller.de:4873/combined-stream/-/combined-stream-0.0.7.tgz",
                  "dependencies": {
                    "delayed-stream": {
                      "version": "https://registry.coyno.com/delayed-stream/-/delayed-stream-0.0.5.tgz"
                    }
                  }
                },
                "mime": {
                  "version": "https://hushhush.levinkeller.de:4873/mime/-/mime-1.2.11.tgz"
                },
                "async": {
                  "version": "https://hushhush.levinkeller.de:4873/async/-/async-0.9.0.tgz"
                }
              }
            },
            "tunnel-agent": {
              "version": "https://hushhush.levinkeller.de:4873/tunnel-agent/-/tunnel-agent-0.4.0.tgz"
            },
            "http-signature": {
              "version": "0.10.1",
              "dependencies": {
                "assert-plus": {
                  "version": "0.1.5"
                },
                "asn1": {
                  "version": "https://registry.coyno.com/asn1/-/asn1-0.1.11.tgz"
                },
                "ctype": {
                  "version": "https://registry.coyno.com/ctype/-/ctype-0.5.3.tgz"
                }
              }
            },
            "oauth-sign": {
              "version": "https://hushhush.levinkeller.de:4873/oauth-sign/-/oauth-sign-0.3.0.tgz"
            },
            "hawk": {
              "version": "https://hushhush.levinkeller.de:4873/hawk/-/hawk-1.1.1.tgz",
              "dependencies": {
                "hoek": {
                  "version": "https://hushhush.levinkeller.de:4873/hoek/-/hoek-0.9.1.tgz"
                },
                "boom": {
                  "version": "https://hushhush.levinkeller.de:4873/boom/-/boom-0.4.2.tgz"
                },
                "cryptiles": {
                  "version": "https://hushhush.levinkeller.de:4873/cryptiles/-/cryptiles-0.2.2.tgz"
                },
                "sntp": {
                  "version": "https://hushhush.levinkeller.de:4873/sntp/-/sntp-0.2.4.tgz"
                }
              }
            },
            "aws-sign2": {
              "version": "https://hushhush.levinkeller.de:4873/aws-sign2/-/aws-sign2-0.5.0.tgz"
            },
            "stringstream": {
              "version": "https://hushhush.levinkeller.de:4873/stringstream/-/stringstream-0.0.4.tgz"
            }
          }
        },
        "underscore": {
          "version": "https://registry.coyno.com/underscore/-/underscore-1.6.0.tgz"
        },
        "tracer": {
          "version": "https://registry.coyno.com/tracer/-/tracer-0.7.3.tgz",
          "dependencies": {
            "dateformat": {
              "version": "https://registry.coyno.com/dateformat/-/dateformat-1.0.2-1.2.3.tgz"
            },
            "colors": {
              "version": "https://hushhush.levinkeller.de:4873/colors/-/colors-0.6.2.tgz"
            },
            "tinytim": {
              "version": "0.1.1"
            }
          }
        },
        "mongodb": {
          "version": "https://registry.coyno.com/mongodb/-/mongodb-1.4.6.tgz",
          "dependencies": {
            "bson": {
              "version": "https://registry.coyno.com/bson/-/bson-0.2.9.tgz",
              "dependencies": {
                "nan": {
                  "version": "1.0.0"
                }
              }
            },
            "kerberos": {
              "version": "https://registry.coyno.com/kerberos/-/kerberos-0.0.3.tgz"
            },
            "readable-stream": {
              "version": "https://hushhush.levinkeller.de:4873/readable-stream/-/readable-stream-1.0.33.tgz",
              "dependencies": {
                "core-util-is": {
                  "version": "https://hushhush.levinkeller.de:4873/core-util-is/-/core-util-is-1.0.1.tgz"
                },
                "isarray": {
                  "version": "https://registry.coyno.com/isarray/-/isarray-0.0.1.tgz"
                },
                "string_decoder": {
                  "version": "https://hushhush.levinkeller.de:4873/string_decoder/-/string_decoder-0.10.31.tgz"
                },
                "inherits": {
                  "version": "2.0.1"
                }
              }
            }
          }
        },
        "node-uuid": {
          "version": "https://hushhush.levinkeller.de:4873/node-uuid/-/node-uuid-1.4.2.tgz"
        }
      }
    }
  }
}
